// !$*UTF8*$!
{
	archiveVersion = 1;
	classes = {
	};
	objectVersion = 46;
	objects = {

/* Begin PBXBuildFile section */
		03A052051F042969004737FB /* AppDelegate.swift in Sources */ = {isa = PBXBuildFile; fileRef = 03A052041F042969004737FB /* AppDelegate.swift */; };
		03A052071F042969004737FB /* GameScene.sks in Resources */ = {isa = PBXBuildFile; fileRef = 03A052061F042969004737FB /* GameScene.sks */; };
		03A052091F042969004737FB /* Actions.sks in Resources */ = {isa = PBXBuildFile; fileRef = 03A052081F042969004737FB /* Actions.sks */; };
		03A0520B1F042969004737FB /* GameScene.swift in Sources */ = {isa = PBXBuildFile; fileRef = 03A0520A1F042969004737FB /* GameScene.swift */; };
		03A0520D1F042969004737FB /* GameViewController.swift in Sources */ = {isa = PBXBuildFile; fileRef = 03A0520C1F042969004737FB /* GameViewController.swift */; };
		03A052101F042969004737FB /* Main.storyboard in Resources */ = {isa = PBXBuildFile; fileRef = 03A0520E1F042969004737FB /* Main.storyboard */; };
		03A052121F042969004737FB /* Assets.xcassets in Resources */ = {isa = PBXBuildFile; fileRef = 03A052111F042969004737FB /* Assets.xcassets */; };
		03A052151F042969004737FB /* LaunchScreen.storyboard in Resources */ = {isa = PBXBuildFile; fileRef = 03A052131F042969004737FB /* LaunchScreen.storyboard */; };
		03A052211F042BF4004737FB /* pipe2.png in Resources */ = {isa = PBXBuildFile; fileRef = 03A0521C1F042BF4004737FB /* pipe2.png */; };
		03A052221F042BF4004737FB /* flappy2.png in Resources */ = {isa = PBXBuildFile; fileRef = 03A0521D1F042BF4004737FB /* flappy2.png */; };
		03A052231F042BF4004737FB /* flappy1.png in Resources */ = {isa = PBXBuildFile; fileRef = 03A0521E1F042BF4004737FB /* flappy1.png */; };
		03A052241F042BF4004737FB /* bg.png in Resources */ = {isa = PBXBuildFile; fileRef = 03A0521F1F042BF4004737FB /* bg.png */; };
		03A052251F042BF4004737FB /* pipe1.png in Resources */ = {isa = PBXBuildFile; fileRef = 03A052201F042BF4004737FB /* pipe1.png */; };
/* End PBXBuildFile section */

/* Begin PBXFileReference section */
		03A052011F042969004737FB /* Flappy Bird.app */ = {isa = PBXFileReference; explicitFileType = wrapper.application; includeInIndex = 0; path = "Flappy Bird.app"; sourceTree = BUILT_PRODUCTS_DIR; };
		03A052041F042969004737FB /* AppDelegate.swift */ = {isa = PBXFileReference; lastKnownFileType = sourcecode.swift; path = AppDelegate.swift; sourceTree = "<group>"; };
		03A052061F042969004737FB /* GameScene.sks */ = {isa = PBXFileReference; lastKnownFileType = file.sks; path = GameScene.sks; sourceTree = "<group>"; };
		03A052081F042969004737FB /* Actions.sks */ = {isa = PBXFileReference; lastKnownFileType = file.sks; path = Actions.sks; sourceTree = "<group>"; };
		03A0520A1F042969004737FB /* GameScene.swift */ = {isa = PBXFileReference; lastKnownFileType = sourcecode.swift; path = GameScene.swift; sourceTree = "<group>"; };
		03A0520C1F042969004737FB /* GameViewController.swift */ = {isa = PBXFileReference; lastKnownFileType = sourcecode.swift; path = GameViewController.swift; sourceTree = "<group>"; };
		03A0520F1F042969004737FB /* Base */ = {isa = PBXFileReference; lastKnownFileType = file.storyboard; name = Base; path = Base.lproj/Main.storyboard; sourceTree = "<group>"; };
		03A052111F042969004737FB /* Assets.xcassets */ = {isa = PBXFileReference; lastKnownFileType = folder.assetcatalog; path = Assets.xcassets; sourceTree = "<group>"; };
		03A052141F042969004737FB /* Base */ = {isa = PBXFileReference; lastKnownFileType = file.storyboard; name = Base; path = Base.lproj/LaunchScreen.storyboard; sourceTree = "<group>"; };
		03A052161F042969004737FB /* Info.plist */ = {isa = PBXFileReference; lastKnownFileType = text.plist.xml; path = Info.plist; sourceTree = "<group>"; };
		03A0521C1F042BF4004737FB /* pipe2.png */ = {isa = PBXFileReference; lastKnownFileType = image.png; path = pipe2.png; sourceTree = "<group>"; };
		03A0521D1F042BF4004737FB /* flappy2.png */ = {isa = PBXFileReference; lastKnownFileType = image.png; path = flappy2.png; sourceTree = "<group>"; };
		03A0521E1F042BF4004737FB /* flappy1.png */ = {isa = PBXFileReference; lastKnownFileType = image.png; path = flappy1.png; sourceTree = "<group>"; };
		03A0521F1F042BF4004737FB /* bg.png */ = {isa = PBXFileReference; lastKnownFileType = image.png; path = bg.png; sourceTree = "<group>"; };
		03A052201F042BF4004737FB /* pipe1.png */ = {isa = PBXFileReference; lastKnownFileType = image.png; path = pipe1.png; sourceTree = "<group>"; };
/* End PBXFileReference section */

/* Begin PBXFrameworksBuildPhase section */
		03A051FE1F042969004737FB /* Frameworks */ = {
			isa = PBXFrameworksBuildPhase;
			buildActionMask = 2147483647;
			files = (
			);
			runOnlyForDeploymentPostprocessing = 0;
		};
/* End PBXFrameworksBuildPhase section */

/* Begin PBXGroup section */
		03A051F81F042969004737FB = {
			isa = PBXGroup;
			children = (
				03A052031F042969004737FB /* Flappy Bird */,
				03A052021F042969004737FB /* Products */,
			);
			sourceTree = "<group>";
		};
		03A052021F042969004737FB /* Products */ = {
			isa = PBXGroup;
			children = (
				03A052011F042969004737FB /* Flappy Bird.app */,
			);
			name = Products;
			sourceTree = "<group>";
		};
		03A052031F042969004737FB /* Flappy Bird */ = {
			isa = PBXGroup;
			children = (
				03A052041F042969004737FB /* AppDelegate.swift */,
				03A052061F042969004737FB /* GameScene.sks */,
				03A052081F042969004737FB /* Actions.sks */,
				03A0520A1F042969004737FB /* GameScene.swift */,
				03A0520C1F042969004737FB /* GameViewController.swift */,
				03A0521C1F042BF4004737FB /* pipe2.png */,
				03A0521D1F042BF4004737FB /* flappy2.png */,
				03A0521E1F042BF4004737FB /* flappy1.png */,
				03A0521F1F042BF4004737FB /* bg.png */,
				03A052201F042BF4004737FB /* pipe1.png */,
				03A0520E1F042969004737FB /* Main.storyboard */,
				03A052111F042969004737FB /* Assets.xcassets */,
				03A052131F042969004737FB /* LaunchScreen.storyboard */,
				03A052161F042969004737FB /* Info.plist */,
			);
			path = "Flappy Bird";
			sourceTree = "<group>";
		};
/* End PBXGroup section */

/* Begin PBXNativeTarget section */
		03A052001F042969004737FB /* Flappy Bird */ = {
			isa = PBXNativeTarget;
			buildConfigurationList = 03A052191F042969004737FB /* Build configuration list for PBXNativeTarget "Flappy Bird" */;
			buildPhases = (
				03A051FD1F042969004737FB /* Sources */,
				03A051FE1F042969004737FB /* Frameworks */,
				03A051FF1F042969004737FB /* Resources */,
			);
			buildRules = (
			);
			dependencies = (
			);
			name = "Flappy Bird";
			productName = "Flappy Bird";
			productReference = 03A052011F042969004737FB /* Flappy Bird.app */;
			productType = "com.apple.product-type.application";
		};
/* End PBXNativeTarget section */

/* Begin PBXProject section */
		03A051F91F042969004737FB /* Project object */ = {
			isa = PBXProject;
			attributes = {
				LastSwiftUpdateCheck = 0830;
				LastUpgradeCheck = 0830;
				ORGANIZATIONNAME = "Tyler McGee";
				TargetAttributes = {
					03A052001F042969004737FB = {
						CreatedOnToolsVersion = 8.3.3;
						ProvisioningStyle = Automatic;
					};
				};
			};
			buildConfigurationList = 03A051FC1F042969004737FB /* Build configuration list for PBXProject "Flappy Bird" */;
			compatibilityVersion = "Xcode 3.2";
			developmentRegion = English;
			hasScannedForEncodings = 0;
			knownRegions = (
				en,
				Base,
			);
			mainGroup = 03A051F81F042969004737FB;
			productRefGroup = 03A052021F042969004737FB /* Products */;
			projectDirPath = "";
			projectRoot = "";
			targets = (
				03A052001F042969004737FB /* Flappy Bird */,
			);
		};
/* End PBXProject section */

/* Begin PBXResourcesBuildPhase section */
		03A051FF1F042969004737FB /* Resources */ = {
			isa = PBXResourcesBuildPhase;
			buildActionMask = 2147483647;
			files = (
				03A052221F042BF4004737FB /* flappy2.png in Resources */,
				03A052251F042BF4004737FB /* pipe1.png in Resources */,
				03A052101F042969004737FB /* Main.storyboard in Resources */,
				03A052241F042BF4004737FB /* bg.png in Resources */,
				03A052071F042969004737FB /* GameScene.sks in Resources */,
				03A052231F042BF4004737FB /* flappy1.png in Resources */,
				03A052211F042BF4004737FB /* pipe2.png in Resources */,
				03A052121F042969004737FB /* Assets.xcassets in Resources */,
				03A052151F042969004737FB /* LaunchScreen.storyboard in Resources */,
				03A052091F042969004737FB /* Actions.sks in Resources */,
			);
			runOnlyForDeploymentPostprocessing = 0;
		};
/* End PBXResourcesBuildPhase section */

/* Begin PBXSourcesBuildPhase section */
		03A051FD1F042969004737FB /* Sources */ = {
			isa = PBXSourcesBuildPhase;
			buildActionMask = 2147483647;
			files = (
				03A0520B1F042969004737FB /* GameScene.swift in Sources */,
				03A0520D1F042969004737FB /* GameViewController.swift in Sources */,
				03A052051F042969004737FB /* AppDelegate.swift in Sources */,
			);
			runOnlyForDeploymentPostprocessing = 0;
		};
/* End PBXSourcesBuildPhase section */

/* Begin PBXVariantGroup section */
		03A0520E1F042969004737FB /* Main.storyboard */ = {
			isa = PBXVariantGroup;
			children = (
				03A0520F1F042969004737FB /* Base */,
			);
			name = Main.storyboard;
			sourceTree = "<group>";
		};
		03A052131F042969004737FB /* LaunchScreen.storyboard */ = {
			isa = PBXVariantGroup;
			children = (
				03A052141F042969004737FB /* Base */,
			);
			name = LaunchScreen.storyboard;
			sourceTree = "<group>";
		};
/* End PBXVariantGroup section */

/* Begin XCBuildConfiguration section */
		03A052171F042969004737FB /* Debug */ = {
			isa = XCBuildConfiguration;
			buildSettings = {
				ALWAYS_SEARCH_USER_PATHS = NO;
				CLANG_ANALYZER_NONNULL = YES;
				CLANG_ANALYZER_NUMBER_OBJECT_CONVERSION = YES_AGGRESSIVE;
				CLANG_CXX_LANGUAGE_STANDARD = "gnu++0x";
				CLANG_CXX_LIBRARY = "libc++";
				CLANG_ENABLE_MODULES = YES;
				CLANG_ENABLE_OBJC_ARC = YES;
				CLANG_WARN_BOOL_CONVERSION = YES;
				CLANG_WARN_CONSTANT_CONVERSION = YES;
				CLANG_WARN_DIRECT_OBJC_ISA_USAGE = YES_ERROR;
				CLANG_WARN_DOCUMENTATION_COMMENTS = YES;
				CLANG_WARN_EMPTY_BODY = YES;
				CLANG_WARN_ENUM_CONVERSION = YES;
				CLANG_WARN_INFINITE_RECURSION = YES;
				CLANG_WARN_INT_CONVERSION = YES;
				CLANG_WARN_OBJC_ROOT_CLASS = YES_ERROR;
				CLANG_WARN_SUSPICIOUS_MOVE = YES;
				CLANG_WARN_UNREACHABLE_CODE = YES;
				CLANG_WARN__DUPLICATE_METHOD_MATCH = YES;
				"CODE_SIGN_IDENTITY[sdk=iphoneos*]" = "iPhone Developer";
				COPY_PHASE_STRIP = NO;
				DEBUG_INFORMATION_FORMAT = dwarf;
				ENABLE_STRICT_OBJC_MSGSEND = YES;
				ENABLE_TESTABILITY = YES;
				GCC_C_LANGUAGE_STANDARD = gnu99;
				GCC_DYNAMIC_NO_PIC = NO;
				GCC_NO_COMMON_BLOCKS = YES;
				GCC_OPTIMIZATION_LEVEL = 0;
				GCC_PREPROCESSOR_DEFINITIONS = (
					"DEBUG=1",
					"$(inherited)",
				);
				GCC_WARN_64_TO_32_BIT_CONVERSION = YES;
				GCC_WARN_ABOUT_RETURN_TYPE = YES_ERROR;
				GCC_WARN_UNDECLARED_SELECTOR = YES;
				GCC_WARN_UNINITIALIZED_AUTOS = YES_AGGRESSIVE;
				GCC_WARN_UNUSED_FUNCTION = YES;
				GCC_WARN_UNUSED_VARIABLE = YES;
				IPHONEOS_DEPLOYMENT_TARGET = 10.3;
				MTL_ENABLE_DEBUG_INFO = YES;
				ONLY_ACTIVE_ARCH = YES;
				SDKROOT = iphoneos;
				SWIFT_ACTIVE_COMPILATION_CONDITIONS = DEBUG;
				SWIFT_OPTIMIZATION_LEVEL = "-Onone";
			};
			name = Debug;
		};
		03A052181F042969004737FB /* Release */ = {
			isa = XCBuildConfiguration;
			buildSettings = {
				ALWAYS_SEARCH_USER_PATHS = NO;
				CLANG_ANALYZER_NONNULL = YES;
				CLANG_ANALYZER_NUMBER_OBJECT_CONVERSION = YES_AGGRESSIVE;
				CLANG_CXX_LANGUAGE_STANDARD = "gnu++0x";
				CLANG_CXX_LIBRARY = "libc++";
				CLANG_ENABLE_MODULES = YES;
				CLANG_ENABLE_OBJC_ARC = YES;
				CLANG_WARN_BOOL_CONVERSION = YES;
				CLANG_WARN_CONSTANT_CONVERSION = YES;
				CLANG_WARN_DIRECT_OBJC_ISA_USAGE = YES_ERROR;
				CLANG_WARN_DOCUMENTATION_COMMENTS = YES;
				CLANG_WARN_EMPTY_BODY = YES;
				CLANG_WARN_ENUM_CONVERSION = YES;
				CLANG_WARN_INFINITE_RECURSION = YES;
				CLANG_WARN_INT_CONVERSION = YES;
				CLANG_WARN_OBJC_ROOT_CLASS = YES_ERROR;
				CLANG_WARN_SUSPICIOUS_MOVE = YES;
				CLANG_WARN_UNREACHABLE_CODE = YES;
				CLANG_WARN__DUPLICATE_METHOD_MATCH = YES;
				"CODE_SIGN_IDENTITY[sdk=iphoneos*]" = "iPhone Developer";
				COPY_PHASE_STRIP = NO;
				DEBUG_INFORMATION_FORMAT = "dwarf-with-dsym";
				ENABLE_NS_ASSERTIONS = NO;
				ENABLE_STRICT_OBJC_MSGSEND = YES;
				GCC_C_LANGUAGE_STANDARD = gnu99;
				GCC_NO_COMMON_BLOCKS = YES;
				GCC_WARN_64_TO_32_BIT_CONVERSION = YES;
				GCC_WARN_ABOUT_RETURN_TYPE = YES_ERROR;
				GCC_WARN_UNDECLARED_SELECTOR = YES;
				GCC_WARN_UNINITIALIZED_AUTOS = YES_AGGRESSIVE;
				GCC_WARN_UNUSED_FUNCTION = YES;
				GCC_WARN_UNUSED_VARIABLE = YES;
				IPHONEOS_DEPLOYMENT_TARGET = 10.3;
				MTL_ENABLE_DEBUG_INFO = NO;
				SDKROOT = iphoneos;
				SWIFT_OPTIMIZATION_LEVEL = "-Owholemodule";
				VALIDATE_PRODUCT = YES;
			};
			name = Release;
		};
		03A0521A1F042969004737FB /* Debug */ = {
			isa = XCBuildConfiguration;
			buildSettings = {
				ASSETCATALOG_COMPILER_APPICON_NAME = AppIcon;
				INFOPLIST_FILE = "Flappy Bird/Info.plist";
				LD_RUNPATH_SEARCH_PATHS = "$(inherited) @executable_path/Frameworks";
				PRODUCT_BUNDLE_IDENTIFIER = "Tyler-McGee.Flappy-Bird";
				PRODUCT_NAME = "$(TARGET_NAME)";
				SWIFT_VERSION = 3.0;
			};
			name = Debug;
		};
		03A0521B1F042969004737FB /* Release */ = {
			isa = XCBuildConfiguration;
			buildSettings = {
				ASSETCATALOG_COMPILER_APPICON_NAME = AppIcon;
				INFOPLIST_FILE = "Flappy Bird/Info.plist";
				LD_RUNPATH_SEARCH_PATHS = "$(inherited) @executable_path/Frameworks";
				PRODUCT_BUNDLE_IDENTIFIER = "Tyler-McGee.Flappy-Bird";
				PRODUCT_NAME = "$(TARGET_NAME)";
				SWIFT_VERSION = 3.0;
			};
			name = Release;
		};
/* End XCBuildConfiguration section */

/* Begin XCConfigurationList section */
		03A051FC1F042969004737FB /* Build configuration list for PBXProject "Flappy Bird" */ = {
			isa = XCConfigurationList;
			buildConfigurations = (
				03A052171F042969004737FB /* Debug */,
				03A052181F042969004737FB /* Release */,
			);
			defaultConfigurationIsVisible = 0;
			defaultConfigurationName = Release;
		};
		03A052191F042969004737FB /* Build configuration list for PBXNativeTarget "Flappy Bird" */ = {
			isa = XCConfigurationList;
			buildConfigurations = (
				03A0521A1F042969004737FB /* Debug */,
				03A0521B1F042969004737FB /* Release */,
			);
			defaultConfigurationIsVisible = 0;
		};
/* End XCConfigurationList section */
	};
	rootObject = 03A051F91F042969004737FB /* Project object */;
}
